
Microsoft Visual Studio Solution File, Format Version 12.00
# Visual Studio Version 17
VisualStudioVersion = 17.14.36203.30 d17.14
MinimumVisualStudioVersion = 10.0.40219.1
Project("{8BC9CEB8-8B4A-11D0-8D11-00A0C91BC942}") = "practice1", "practice1.vcxproj", "{74812AC7-E51F-49FB-A652-EB06A08A464C}"
EndProject
Global
	GlobalSection(SolutionConfigurationPlatforms) = preSolution
		Debug|x64 = Debug|x64
		Debug|x86 = Debug|x86
		Release|x64 = Release|x64
		Release|x86 = Release|x86
	EndGlobalSection
	GlobalSection(ProjectConfigurationPlatforms) = postSolution
		{74812AC7-E51F-49FB-A652-EB06A08A464C}.Debug|x64.ActiveCfg = Debug|x64
		{74812AC7-E51F-49FB-A652-EB06A08A464C}.Debug|x64.Build.0 = Debug|x64
		{74812AC7-E51F-49FB-A652-EB06A08A464C}.Debug|x86.ActiveCfg = Debug|Win32
		{74812AC7-E51F-49FB-A652-EB06A08A464C}.Debug|x86.Build.0 = Debug|Win32
		{74812AC7-E51F-49FB-A652-EB06A08A464C}.Release|x64.ActiveCfg = Release|x64
		{74812AC7-E51F-49FB-A652-EB06A08A464C}.Release|x64.Build.0 = Release|x64
		{74812AC7-E51F-49FB-A652-EB06A08A464C}.Release|x86.ActiveCfg = Release|Win32
		{74812AC7-E51F-49FB-A652-EB06A08A464C}.Release|x86.Build.0 = Release|Win32
	EndGlobalSection
	GlobalSection(SolutionProperties) = preSolution
		HideSolutionNode = FALSE
	EndGlobalSection
	GlobalSection(ExtensibilityGlobals) = postSolution
		SolutionGuid = {514F4751-EEDE-477C-89C6-7F60A31BB4A5}
	EndGlobalSection
EndGlobal
