<?xml version="1.0" encoding="utf-8"?>
<Project ToolsVersion="4.0" xmlns="http://schemas.microsoft.com/developer/msbuild/2003">
  <ItemGroup>
    <Filter Include="TitleState">
      <UniqueIdentifier>{82ee0e2d-e1e0-45d8-b83d-77ef4f36a45c}</UniqueIdentifier>
    </Filter>
    <Filter Include="GameManager">
      <UniqueIdentifier>{b02856be-7a32-4610-b4a7-674ae2be33a9}</UniqueIdentifier>
    </Filter>
    <Filter Include="メインファイル">
      <UniqueIdentifier>{4FC737F1-C7A5-4376-A066-2A32D752A2FF}</UniqueIdentifier>
      <Extensions>cpp;c;cc;cxx;c++;cppm;ixx;def;odl;idl;hpj;bat;asm;asmx</Extensions>
    </Filter>
    <Filter Include="Stateインタフェース">
      <UniqueIdentifier>{93995380-89BD-4b04-88EB-625FBE52EBFB}</UniqueIdentifier>
      <Extensions>h;hh;hpp;hxx;h++;hm;inl;inc;ipp;xsd</Extensions>
    </Filter>
    <Filter Include="InGameState">
      <UniqueIdentifier>{3a94d82d-7443-4a07-a9f5-6c4fa972e4da}</UniqueIdentifier>
    </Filter>
    <Filter Include="ResultState">
      <UniqueIdentifier>{a46bc702-aeb8-477d-854b-5330918858e4}</UniqueIdentifier>
    </Filter>
  </ItemGroup>
  <ItemGroup>
    <ClCompile Include="Main.cpp">
      <Filter>メインファイル</Filter>
    </ClCompile>
    <ClCompile Include="TitleState.cpp">
      <Filter>TitleState</Filter>
    </ClCompile>
    <ClCompile Include="GameManager.cpp">
      <Filter>GameManager</Filter>
    </ClCompile>
    <ClCompile Include="InGameState.cpp">
      <Filter>InGameState</Filter>
    </ClCompile>
    <ClCompile Include="ResultState.cpp">
      <Filter>ResultState</Filter>
    </ClCompile>
  </ItemGroup>
  <ItemGroup>
    <ClInclude Include="TitleState.h">
      <Filter>TitleState</Filter>
    </ClInclude>
    <ClInclude Include="GameManager.h">
      <Filter>GameManager</Filter>
    </ClInclude>
    <ClInclude Include="IGameState.h">
      <Filter>Stateインタフェース</Filter>
    </ClInclude>
    <ClInclude Include="InGameState.h">
      <Filter>InGameState</Filter>
    </ClInclude>
    <ClInclude Include="ResultState.h">
      <Filter>ResultState</Filter>
    </ClInclude>
    <ClInclude Include="InputState.h">
      <Filter>Stateインタフェース</Filter>
    </ClInclude>
  </ItemGroup>
</Project>